
Microsoft Visual Studio Solution File, Format Version 12.00
# Visual Studio Version 17
VisualStudioVersion = 17.0.31903.59
MinimumVisualStudioVersion = 10.0.40219.1
Project("{FAE04EC0-301F-11D3-BF4B-00C04F79EFBC}") = "BloomFilter.NetCore", "BloomFilter.NetCore\BloomFilter.NetCore.csproj", "{E9C45A1D-4D32-4243-9177-372BCB09BD65}"
EndProject
Project("{FAE04EC0-301F-11D3-BF4B-00C04F79EFBC}") = "BloomFilter.NetCore.Tests", "Tests\BloomFilter.NetCore.Tests\BloomFilter.NetCore.Tests.csproj", "{5F08B9DD-04D2-4ED3-9459-AD2869753553}"
EndProject
Global
	GlobalSection(SolutionConfigurationPlatforms) = preSolution
		Debug|Any CPU = Debug|Any CPU
		Release|Any CPU = Release|Any CPU
	EndGlobalSection
	GlobalSection(SolutionProperties) = preSolution
		HideSolutionNode = FALSE
	EndGlobalSection
	GlobalSection(ProjectConfigurationPlatforms) = postSolution
		{E9C45A1D-4D32-4243-9177-372BCB09BD65}.Debug|Any CPU.ActiveCfg = Debug|Any CPU
		{E9C45A1D-4D32-4243-9177-372BCB09BD65}.Debug|Any CPU.Build.0 = Debug|Any CPU
		{E9C45A1D-4D32-4243-9177-372BCB09BD65}.Release|Any CPU.ActiveCfg = Release|Any CPU
		{E9C45A1D-4D32-4243-9177-372BCB09BD65}.Release|Any CPU.Build.0 = Release|Any CPU
		{5F08B9DD-04D2-4ED3-9459-AD2869753553}.Debug|Any CPU.ActiveCfg = Debug|Any CPU
		{5F08B9DD-04D2-4ED3-9459-AD2869753553}.Debug|Any CPU.Build.0 = Debug|Any CPU
		{5F08B9DD-04D2-4ED3-9459-AD2869753553}.Release|Any CPU.ActiveCfg = Release|Any CPU
		{5F08B9DD-04D2-4ED3-9459-AD2869753553}.Release|Any CPU.Build.0 = Release|Any CPU
	EndGlobalSection
EndGlobal
